
Microsoft Visual Studio Solution File, Format Version 12.00
# Visual Studio Express 2013 for Windows Desktop
VisualStudioVersion = 12.0.31101.0
MinimumVisualStudioVersion = 10.0.40219.1
Project("{8BC9CEB8-8B4A-11D0-8D11-00A0C91BC942}") = "CoxeterOrbits", "CoxeterOrbits\CoxeterOrbits.vcxproj", "{9B5A4354-5265-461A-8965-5D637A0F88BE}"
EndProject
Project("{8BC9CEB8-8B4A-11D0-8D11-00A0C91BC942}") = "CoxeterTest", "CoxeterTest\CoxeterTest.vcxproj", "{2F834DB7-10F6-49F4-980C-EF34285127E1}"
EndProject
Global
	GlobalSection(SolutionConfigurationPlatforms) = preSolution
		Debug|Win32 = Debug|Win32
		Release|Win32 = Release|Win32
	EndGlobalSection
	GlobalSection(ProjectConfigurationPlatforms) = postSolution
		{9B5A4354-5265-461A-8965-5D637A0F88BE}.Debug|Win32.ActiveCfg = Debug|Win32
		{9B5A4354-5265-461A-8965-5D637A0F88BE}.Debug|Win32.Build.0 = Debug|Win32
		{9B5A4354-5265-461A-8965-5D637A0F88BE}.Release|Win32.ActiveCfg = Release|Win32
		{9B5A4354-5265-461A-8965-5D637A0F88BE}.Release|Win32.Build.0 = Release|Win32
		{2F834DB7-10F6-49F4-980C-EF34285127E1}.Debug|Win32.ActiveCfg = Debug|Win32
		{2F834DB7-10F6-49F4-980C-EF34285127E1}.Debug|Win32.Build.0 = Debug|Win32
		{2F834DB7-10F6-49F4-980C-EF34285127E1}.Release|Win32.ActiveCfg = Release|Win32
		{2F834DB7-10F6-49F4-980C-EF34285127E1}.Release|Win32.Build.0 = Release|Win32
	EndGlobalSection
	GlobalSection(SolutionProperties) = preSolution
		HideSolutionNode = FALSE
	EndGlobalSection
EndGlobal
